// !$*UTF8*$!
{
	archiveVersion = 1;
	classes = {
	};
	objectVersion = 46;
	objects = {

/* Begin PBXBuildFile section */
		7D3E62AD1BE05D5800B0D105 /* main.m in Sources */ = {isa = PBXBuildFile; fileRef = 7D3E62AC1BE05D5800B0D105 /* main.m */; };
		7D3E62B01BE05D5800B0D105 /* AppDelegate.m in Sources */ = {isa = PBXBuildFile; fileRef = 7D3E62AF1BE05D5800B0D105 /* AppDelegate.m */; };
		7D3E62B31BE05D5800B0D105 /* ViewController.m in Sources */ = {isa = PBXBuildFile; fileRef = 7D3E62B21BE05D5800B0D105 /* ViewController.m */; };
		7D3E62B61BE05D5800B0D105 /* Main.storyboard in Resources */ = {isa = PBXBuildFile; fileRef = 7D3E62B41BE05D5800B0D105 /* Main.storyboard */; };
		7D3E62B81BE05D5800B0D105 /* Assets.xcassets in Resources */ = {isa = PBXBuildFile; fileRef = 7D3E62B71BE05D5800B0D105 /* Assets.xcassets */; };
		7D3E62BB1BE05D5800B0D105 /* LaunchScreen.storyboard in Resources */ = {isa = PBXBuildFile; fileRef = 7D3E62B91BE05D5800B0D105 /* LaunchScreen.storyboard */; };
		7D3E62C61BE05D5900B0D105 /* LaunchImageDemoTests.m in Sources */ = {isa = PBXBuildFile; fileRef = 7D3E62C51BE05D5900B0D105 /* LaunchImageDemoTests.m */; };
		7D3E62D11BE05D5900B0D105 /* LaunchImageDemoUITests.m in Sources */ = {isa = PBXBuildFile; fileRef = 7D3E62D01BE05D5900B0D105 /* LaunchImageDemoUITests.m */; };
/* End PBXBuildFile section */

/* Begin PBXContainerItemProxy section */
		7D3E62C21BE05D5900B0D105 /* PBXContainerItemProxy */ = {
			isa = PBXContainerItemProxy;
			containerPortal = 7D3E62A01BE05D5800B0D105 /* Project object */;
			proxyType = 1;
			remoteGlobalIDString = 7D3E62A71BE05D5800B0D105;
			remoteInfo = LaunchImageDemo;
		};
		7D3E62CD1BE05D5900B0D105 /* PBXContainerItemProxy */ = {
			isa = PBXContainerItemProxy;
			containerPortal = 7D3E62A01BE05D5800B0D105 /* Project object */;
			proxyType = 1;
			remoteGlobalIDString = 7D3E62A71BE05D5800B0D105;
			remoteInfo = LaunchImageDemo;
		};
/* End PBXContainerItemProxy section */

/* Begin PBXFileReference section */
		7D3E62A81BE05D5800B0D105 /* LaunchImageDemo.app */ = {isa = PBXFileReference; explicitFileType = wrapper.application; includeInIndex = 0; path = LaunchImageDemo.app; sourceTree = BUILT_PRODUCTS_DIR; };
		7D3E62AC1BE05D5800B0D105 /* main.m */ = {isa = PBXFileReference; lastKnownFileType = sourcecode.c.objc; path = main.m; sourceTree = "<group>"; };
		7D3E62AE1BE05D5800B0D105 /* AppDelegate.h */ = {isa = PBXFileReference; lastKnownFileType = sourcecode.c.h; path = AppDelegate.h; sourceTree = "<group>"; };
		7D3E62AF1BE05D5800B0D105 /* AppDelegate.m */ = {isa = PBXFileReference; lastKnownFileType = sourcecode.c.objc; path = AppDelegate.m; sourceTree = "<group>"; };
		7D3E62B11BE05D5800B0D105 /* ViewController.h */ = {isa = PBXFileReference; lastKnownFileType = sourcecode.c.h; path = ViewController.h; sourceTree = "<group>"; };
		7D3E62B21BE05D5800B0D105 /* ViewController.m */ = {isa = PBXFileReference; lastKnownFileType = sourcecode.c.objc; path = ViewController.m; sourceTree = "<group>"; };
		7D3E62B51BE05D5800B0D105 /* Base */ = {isa = PBXFileReference; lastKnownFileType = file.storyboard; name = Base; path = Base.lproj/Main.storyboard; sourceTree = "<group>"; };
		7D3E62B71BE05D5800B0D105 /* Assets.xcassets */ = {isa = PBXFileReference; lastKnownFileType = folder.assetcatalog; path = Assets.xcassets; sourceTree = "<group>"; };
		7D3E62BA1BE05D5800B0D105 /* Base */ = {isa = PBXFileReference; lastKnownFileType = file.storyboard; name = Base; path = Base.lproj/LaunchScreen.storyboard; sourceTree = "<group>"; };
		7D3E62BC1BE05D5800B0D105 /* Info.plist */ = {isa = PBXFileReference; lastKnownFileType = text.plist.xml; path = Info.plist; sourceTree = "<group>"; };
		7D3E62C11BE05D5900B0D105 /* LaunchImageDemoTests.xctest */ = {isa = PBXFileReference; explicitFileType = wrapper.cfbundle; includeInIndex = 0; path = LaunchImageDemoTests.xctest; sourceTree = BUILT_PRODUCTS_DIR; };
		7D3E62C51BE05D5900B0D105 /* LaunchImageDemoTests.m */ = {isa = PBXFileReference; lastKnownFileType = sourcecode.c.objc; path = LaunchImageDemoTests.m; sourceTree = "<group>"; };
		7D3E62C71BE05D5900B0D105 /* Info.plist */ = {isa = PBXFileReference; lastKnownFileType = text.plist.xml; path = Info.plist; sourceTree = "<group>"; };
		7D3E62CC1BE05D5900B0D105 /* LaunchImageDemoUITests.xctest */ = {isa = PBXFileReference; explicitFileType = wrapper.cfbundle; includeInIndex = 0; path = LaunchImageDemoUITests.xctest; sourceTree = BUILT_PRODUCTS_DIR; };
		7D3E62D01BE05D5900B0D105 /* LaunchImageDemoUITests.m */ = {isa = PBXFileReference; lastKnownFileType = sourcecode.c.objc; path = LaunchImageDemoUITests.m; sourceTree = "<group>"; };
		7D3E62D21BE05D5900B0D105 /* Info.plist */ = {isa = PBXFileReference; lastKnownFileType = text.plist.xml; path = Info.plist; sourceTree = "<group>"; };
/* End PBXFileReference section */

/* Begin PBXFrameworksBuildPhase section */
		7D3E62A51BE05D5800B0D105 /* Frameworks */ = {
			isa = PBXFrameworksBuildPhase;
			buildActionMask = 2147483647;
			files = (
			);
			runOnlyForDeploymentPostprocessing = 0;
		};
		7D3E62BE1BE05D5900B0D105 /* Frameworks */ = {
			isa = PBXFrameworksBuildPhase;
			buildActionMask = 2147483647;
			files = (
			);
			runOnlyForDeploymentPostprocessing = 0;
		};
		7D3E62C91BE05D5900B0D105 /* Frameworks */ = {
			isa = PBXFrameworksBuildPhase;
			buildActionMask = 2147483647;
			files = (
			);
			runOnlyForDeploymentPostprocessing = 0;
		};
/* End PBXFrameworksBuildPhase section */

/* Begin PBXGroup section */
		7D3E629F1BE05D5800B0D105 = {
			isa = PBXGroup;
			children = (
				7D3E62AA1BE05D5800B0D105 /* LaunchImageDemo */,
				7D3E62C41BE05D5900B0D105 /* LaunchImageDemoTests */,
				7D3E62CF1BE05D5900B0D105 /* LaunchImageDemoUITests */,
				7D3E62A91BE05D5800B0D105 /* Products */,
			);
			sourceTree = "<group>";
		};
		7D3E62A91BE05D5800B0D105 /* Products */ = {
			isa = PBXGroup;
			children = (
				7D3E62A81BE05D5800B0D105 /* LaunchImageDemo.app */,
				7D3E62C11BE05D5900B0D105 /* LaunchImageDemoTests.xctest */,
				7D3E62CC1BE05D5900B0D105 /* LaunchImageDemoUITests.xctest */,
			);
			name = Products;
			sourceTree = "<group>";
		};
		7D3E62AA1BE05D5800B0D105 /* LaunchImageDemo */ = {
			isa = PBXGroup;
			children = (
				7D3E62AE1BE05D5800B0D105 /* AppDelegate.h */,
				7D3E62AF1BE05D5800B0D105 /* AppDelegate.m */,
				7D3E62B11BE05D5800B0D105 /* ViewController.h */,
				7D3E62B21BE05D5800B0D105 /* ViewController.m */,
				7D3E62B41BE05D5800B0D105 /* Main.storyboard */,
				7D3E62B71BE05D5800B0D105 /* Assets.xcassets */,
				7D3E62B91BE05D5800B0D105 /* LaunchScreen.storyboard */,
				7D3E62BC1BE05D5800B0D105 /* Info.plist */,
				7D3E62AB1BE05D5800B0D105 /* Supporting Files */,
			);
			path = LaunchImageDemo;
			sourceTree = "<group>";
		};
		7D3E62AB1BE05D5800B0D105 /* Supporting Files */ = {
			isa = PBXGroup;
			children = (
				7D3E62AC1BE05D5800B0D105 /* main.m */,
			);
			name = "Supporting Files";
			sourceTree = "<group>";
		};
		7D3E62C41BE05D5900B0D105 /* LaunchImageDemoTests */ = {
			isa = PBXGroup;
			children = (
				7D3E62C51BE05D5900B0D105 /* LaunchImageDemoTests.m */,
				7D3E62C71BE05D5900B0D105 /* Info.plist */,
			);
			path = LaunchImageDemoTests;
			sourceTree = "<group>";
		};
		7D3E62CF1BE05D5900B0D105 /* LaunchImageDemoUITests */ = {
			isa = PBXGroup;
			children = (
				7D3E62D01BE05D5900B0D105 /* LaunchImageDemoUITests.m */,
				7D3E62D21BE05D5900B0D105 /* Info.plist */,
			);
			path = LaunchImageDemoUITests;
			sourceTree = "<group>";
		};
/* End PBXGroup section */

/* Begin PBXNativeTarget section */
		7D3E62A71BE05D5800B0D105 /* LaunchImageDemo */ = {
			isa = PBXNativeTarget;
			buildConfigurationList = 7D3E62D51BE05D5900B0D105 /* Build configuration list for PBXNativeTarget "LaunchImageDemo" */;
			buildPhases = (
				7D3E62A41BE05D5800B0D105 /* Sources */,
				7D3E62A51BE05D5800B0D105 /* Frameworks */,
				7D3E62A61BE05D5800B0D105 /* Resources */,
			);
			buildRules = (
			);
			dependencies = (
			);
			name = LaunchImageDemo;
			productName = LaunchImageDemo;
			productReference = 7D3E62A81BE05D5800B0D105 /* LaunchImageDemo.app */;
			productType = "com.apple.product-type.application";
		};
		7D3E62C01BE05D5900B0D105 /* LaunchImageDemoTests */ = {
			isa = PBXNativeTarget;
			buildConfigurationList = 7D3E62D81BE05D5900B0D105 /* Build configuration list for PBXNativeTarget "LaunchImageDemoTests" */;
			buildPhases = (
				7D3E62BD1BE05D5900B0D105 /* Sources */,
				7D3E62BE1BE05D5900B0D105 /* Frameworks */,
				7D3E62BF1BE05D5900B0D105 /* Resources */,
			);
			buildRules = (
			);
			dependencies = (
				7D3E62C31BE05D5900B0D105 /* PBXTargetDependency */,
			);
			name = LaunchImageDemoTests;
			productName = LaunchImageDemoTests;
			productReference = 7D3E62C11BE05D5900B0D105 /* LaunchImageDemoTests.xctest */;
			productType = "com.apple.product-type.bundle.unit-test";
		};
		7D3E62CB1BE05D5900B0D105 /* LaunchImageDemoUITests */ = {
			isa = PBXNativeTarget;
			buildConfigurationList = 7D3E62DB1BE05D5900B0D105 /* Build configuration list for PBXNativeTarget "LaunchImageDemoUITests" */;
			buildPhases = (
				7D3E62C81BE05D5900B0D105 /* Sources */,
				7D3E62C91BE05D5900B0D105 /* Frameworks */,
				7D3E62CA1BE05D5900B0D105 /* Resources */,
			);
			buildRules = (
			);
			dependencies = (
				7D3E62CE1BE05D5900B0D105 /* PBXTargetDependency */,
			);
			name = LaunchImageDemoUITests;
			productName = LaunchImageDemoUITests;
			productReference = 7D3E62CC1BE05D5900B0D105 /* LaunchImageDemoUITests.xctest */;
			productType = "com.apple.product-type.bundle.ui-testing";
		};
/* End PBXNativeTarget section */

/* Begin PBXProject section */
		7D3E62A01BE05D5800B0D105 /* Project object */ = {
			isa = PBXProject;
			attributes = {
				LastUpgradeCheck = 0710;
				ORGANIZATIONNAME = pikeYoung;
				TargetAttributes = {
					7D3E62A71BE05D5800B0D105 = {
						CreatedOnToolsVersion = 7.1;
					};
					7D3E62C01BE05D5900B0D105 = {
						CreatedOnToolsVersion = 7.1;
						TestTargetID = 7D3E62A71BE05D5800B0D105;
					};
					7D3E62CB1BE05D5900B0D105 = {
						CreatedOnToolsVersion = 7.1;
						TestTargetID = 7D3E62A71BE05D5800B0D105;
					};
				};
			};
			buildConfigurationList = 7D3E62A31BE05D5800B0D105 /* Build configuration list for PBXProject "LaunchImageDemo" */;
			compatibilityVersion = "Xcode 3.2";
			developmentRegion = English;
			hasScannedForEncodings = 0;
			knownRegions = (
				en,
				Base,
			);
			mainGroup = 7D3E629F1BE05D5800B0D105;
			productRefGroup = 7D3E62A91BE05D5800B0D105 /* Products */;
			projectDirPath = "";
			projectRoot = "";
			targets = (
				7D3E62A71BE05D5800B0D105 /* LaunchImageDemo */,
				7D3E62C01BE05D5900B0D105 /* LaunchImageDemoTests */,
				7D3E62CB1BE05D5900B0D105 /* LaunchImageDemoUITests */,
			);
		};
/* End PBXProject section */

/* Begin PBXResourcesBuildPhase section */
		7D3E62A61BE05D5800B0D105 /* Resources */ = {
			isa = PBXResourcesBuildPhase;
			buildActionMask = 2147483647;
			files = (
				7D3E62BB1BE05D5800B0D105 /* LaunchScreen.storyboard in Resources */,
				7D3E62B81BE05D5800B0D105 /* Assets.xcassets in Resources */,
				7D3E62B61BE05D5800B0D105 /* Main.storyboard in Resources */,
			);
			runOnlyForDeploymentPostprocessing = 0;
		};
		7D3E62BF1BE05D5900B0D105 /* Resources */ = {
			isa = PBXResourcesBuildPhase;
			buildActionMask = 2147483647;
			files = (
			);
			runOnlyForDeploymentPostprocessing = 0;
		};
		7D3E62CA1BE05D5900B0D105 /* Resources */ = {
			isa = PBXResourcesBuildPhase;
			buildActionMask = 2147483647;
			files = (
			);
			runOnlyForDeploymentPostprocessing = 0;
		};
/* End PBXResourcesBuildPhase section */

/* Begin PBXSourcesBuildPhase section */
		7D3E62A41BE05D5800B0D105 /* Sources */ = {
			isa = PBXSourcesBuildPhase;
			buildActionMask = 2147483647;
			files = (
				7D3E62B31BE05D5800B0D105 /* ViewController.m in Sources */,
				7D3E62B01BE05D5800B0D105 /* AppDelegate.m in Sources */,
				7D3E62AD1BE05D5800B0D105 /* main.m in Sources */,
			);
			runOnlyForDeploymentPostprocessing = 0;
		};
		7D3E62BD1BE05D5900B0D105 /* Sources */ = {
			isa = PBXSourcesBuildPhase;
			buildActionMask = 2147483647;
			files = (
				7D3E62C61BE05D5900B0D105 /* LaunchImageDemoTests.m in Sources */,
			);
			runOnlyForDeploymentPostprocessing = 0;
		};
		7D3E62C81BE05D5900B0D105 /* Sources */ = {
			isa = PBXSourcesBuildPhase;
			buildActionMask = 2147483647;
			files = (
				7D3E62D11BE05D5900B0D105 /* LaunchImageDemoUITests.m in Sources */,
			);
			runOnlyForDeploymentPostprocessing = 0;
		};
/* End PBXSourcesBuildPhase section */

/* Begin PBXTargetDependency section */
		7D3E62C31BE05D5900B0D105 /* PBXTargetDependency */ = {
			isa = PBXTargetDependency;
			target = 7D3E62A71BE05D5800B0D105 /* LaunchImageDemo */;
			targetProxy = 7D3E62C21BE05D5900B0D105 /* PBXContainerItemProxy */;
		};
		7D3E62CE1BE05D5900B0D105 /* PBXTargetDependency */ = {
			isa = PBXTargetDependency;
			target = 7D3E62A71BE05D5800B0D105 /* LaunchImageDemo */;
			targetProxy = 7D3E62CD1BE05D5900B0D105 /* PBXContainerItemProxy */;
		};
/* End PBXTargetDependency section */

/* Begin PBXVariantGroup section */
		7D3E62B41BE05D5800B0D105 /* Main.storyboard */ = {
			isa = PBXVariantGroup;
			children = (
				7D3E62B51BE05D5800B0D105 /* Base */,
			);
			name = Main.storyboard;
			sourceTree = "<group>";
		};
		7D3E62B91BE05D5800B0D105 /* LaunchScreen.storyboard */ = {
			isa = PBXVariantGroup;
			children = (
				7D3E62BA1BE05D5800B0D105 /* Base */,
			);
			name = LaunchScreen.storyboard;
			sourceTree = "<group>";
		};
/* End PBXVariantGroup section */

/* Begin XCBuildConfiguration section */
		7D3E62D31BE05D5900B0D105 /* Debug */ = {
			isa = XCBuildConfiguration;
			buildSettings = {
				ALWAYS_SEARCH_USER_PATHS = NO;
				CLANG_CXX_LANGUAGE_STANDARD = "gnu++0x";
				CLANG_CXX_LIBRARY = "libc++";
				CLANG_ENABLE_MODULES = YES;
				CLANG_ENABLE_OBJC_ARC = YES;
				CLANG_WARN_BOOL_CONVERSION = YES;
				CLANG_WARN_CONSTANT_CONVERSION = YES;
				CLANG_WARN_DIRECT_OBJC_ISA_USAGE = YES_ERROR;
				CLANG_WARN_EMPTY_BODY = YES;
				CLANG_WARN_ENUM_CONVERSION = YES;
				CLANG_WARN_INT_CONVERSION = YES;
				CLANG_WARN_OBJC_ROOT_CLASS = YES_ERROR;
				CLANG_WARN_UNREACHABLE_CODE = YES;
				CLANG_WARN__DUPLICATE_METHOD_MATCH = YES;
				"CODE_SIGN_IDENTITY[sdk=iphoneos*]" = "iPhone Developer";
				COPY_PHASE_STRIP = NO;
				DEBUG_INFORMATION_FORMAT = dwarf;
				ENABLE_STRICT_OBJC_MSGSEND = YES;
				ENABLE_TESTABILITY = YES;
				GCC_C_LANGUAGE_STANDARD = gnu99;
				GCC_DYNAMIC_NO_PIC = NO;
				GCC_NO_COMMON_BLOCKS = YES;
				GCC_OPTIMIZATION_LEVEL = 0;
				GCC_PREPROCESSOR_DEFINITIONS = (
					"DEBUG=1",
					"$(inherited)",
				);
				GCC_WARN_64_TO_32_BIT_CONVERSION = YES;
				GCC_WARN_ABOUT_RETURN_TYPE = YES_ERROR;
				GCC_WARN_UNDECLARED_SELECTOR = YES;
				GCC_WARN_UNINITIALIZED_AUTOS = YES_AGGRESSIVE;
				GCC_WARN_UNUSED_FUNCTION = YES;
				GCC_WARN_UNUSED_VARIABLE = YES;
				IPHONEOS_DEPLOYMENT_TARGET = 9.1;
				MTL_ENABLE_DEBUG_INFO = YES;
				ONLY_ACTIVE_ARCH = YES;
				SDKROOT = iphoneos;
				TARGETED_DEVICE_FAMILY = "1,2";
			};
			name = Debug;
		};
		7D3E62D41BE05D5900B0D105 /* Release */ = {
			isa = XCBuildConfiguration;
			buildSettings = {
				ALWAYS_SEARCH_USER_PATHS = NO;
				CLANG_CXX_LANGUAGE_STANDARD = "gnu++0x";
				CLANG_CXX_LIBRARY = "libc++";
				CLANG_ENABLE_MODULES = YES;
				CLANG_ENABLE_OBJC_ARC = YES;
				CLANG_WARN_BOOL_CONVERSION = YES;
				CLANG_WARN_CONSTANT_CONVERSION = YES;
				CLANG_WARN_DIRECT_OBJC_ISA_USAGE = YES_ERROR;
				CLANG_WARN_EMPTY_BODY = YES;
				CLANG_WARN_ENUM_CONVERSION = YES;
				CLANG_WARN_INT_CONVERSION = YES;
				CLANG_WARN_OBJC_ROOT_CLASS = YES_ERROR;
				CLANG_WARN_UNREACHABLE_CODE = YES;
				CLANG_WARN__DUPLICATE_METHOD_MATCH = YES;
				"CODE_SIGN_IDENTITY[sdk=iphoneos*]" = "iPhone Developer";
				COPY_PHASE_STRIP = NO;
				DEBUG_INFORMATION_FORMAT = "dwarf-with-dsym";
				ENABLE_NS_ASSERTIONS = NO;
				ENABLE_STRICT_OBJC_MSGSEND = YES;
				GCC_C_LANGUAGE_STANDARD = gnu99;
				GCC_NO_COMMON_BLOCKS = YES;
				GCC_WARN_64_TO_32_BIT_CONVERSION = YES;
				GCC_WARN_ABOUT_RETURN_TYPE = YES_ERROR;
				GCC_WARN_UNDECLARED_SELECTOR = YES;
				GCC_WARN_UNINITIALIZED_AUTOS = YES_AGGRESSIVE;
				GCC_WARN_UNUSED_FUNCTION = YES;
				GCC_WARN_UNUSED_VARIABLE = YES;
				IPHONEOS_DEPLOYMENT_TARGET = 9.1;
				MTL_ENABLE_DEBUG_INFO = NO;
				SDKROOT = iphoneos;
				TARGETED_DEVICE_FAMILY = "1,2";
				VALIDATE_PRODUCT = YES;
			};
			name = Release;
		};
		7D3E62D61BE05D5900B0D105 /* Debug */ = {
			isa = XCBuildConfiguration;
			buildSettings = {
				ASSETCATALOG_COMPILER_APPICON_NAME = AppIcon;
				INFOPLIST_FILE = LaunchImageDemo/Info.plist;
				LD_RUNPATH_SEARCH_PATHS = "$(inherited) @executable_path/Frameworks";
				PRODUCT_BUNDLE_IDENTIFIER = cn.pike.LaunchImageDemo;
				PRODUCT_NAME = "$(TARGET_NAME)";
			};
			name = Debug;
		};
		7D3E62D71BE05D5900B0D105 /* Release */ = {
			isa = XCBuildConfiguration;
			buildSettings = {
				ASSETCATALOG_COMPILER_APPICON_NAME = AppIcon;
				INFOPLIST_FILE = LaunchImageDemo/Info.plist;
				LD_RUNPATH_SEARCH_PATHS = "$(inherited) @executable_path/Frameworks";
				PRODUCT_BUNDLE_IDENTIFIER = cn.pike.LaunchImageDemo;
				PRODUCT_NAME = "$(TARGET_NAME)";
			};
			name = Release;
		};
		7D3E62D91BE05D5900B0D105 /* Debug */ = {
			isa = XCBuildConfiguration;
			buildSettings = {
				BUNDLE_LOADER = "$(TEST_HOST)";
				INFOPLIST_FILE = LaunchImageDemoTests/Info.plist;
				LD_RUNPATH_SEARCH_PATHS = "$(inherited) @executable_path/Frameworks @loader_path/Frameworks";
				PRODUCT_BUNDLE_IDENTIFIER = cn.pike.LaunchImageDemoTests;
				PRODUCT_NAME = "$(TARGET_NAME)";
				TEST_HOST = "$(BUILT_PRODUCTS_DIR)/LaunchImageDemo.app/LaunchImageDemo";
			};
			name = Debug;
		};
		7D3E62DA1BE05D5900B0D105 /* Release */ = {
			isa = XCBuildConfiguration;
			buildSettings = {
				BUNDLE_LOADER = "$(TEST_HOST)";
				INFOPLIST_FILE = LaunchImageDemoTests/Info.plist;
				LD_RUNPATH_SEARCH_PATHS = "$(inherited) @executable_path/Frameworks @loader_path/Frameworks";
				PRODUCT_BUNDLE_IDENTIFIER = cn.pike.LaunchImageDemoTests;
				PRODUCT_NAME = "$(TARGET_NAME)";
				TEST_HOST = "$(BUILT_PRODUCTS_DIR)/LaunchImageDemo.app/LaunchImageDemo";
			};
			name = Release;
		};
		7D3E62DC1BE05D5900B0D105 /* Debug */ = {
			isa = XCBuildConfiguration;
			buildSettings = {
				INFOPLIST_FILE = LaunchImageDemoUITests/Info.plist;
				LD_RUNPATH_SEARCH_PATHS = "$(inherited) @executable_path/Frameworks @loader_path/Frameworks";
				PRODUCT_BUNDLE_IDENTIFIER = cn.pike.LaunchImageDemoUITests;
				PRODUCT_NAME = "$(TARGET_NAME)";
				TEST_TARGET_NAME = LaunchImageDemo;
				USES_XCTRUNNER = YES;
			};
			name = Debug;
		};
		7D3E62DD1BE05D5900B0D105 /* Release */ = {
			isa = XCBuildConfiguration;
			buildSettings = {
				INFOPLIST_FILE = LaunchImageDemoUITests/Info.plist;
				LD_RUNPATH_SEARCH_PATHS = "$(inherited) @executable_path/Frameworks @loader_path/Frameworks";
				PRODUCT_BUNDLE_IDENTIFIER = cn.pike.LaunchImageDemoUITests;
				PRODUCT_NAME = "$(TARGET_NAME)";
				TEST_TARGET_NAME = LaunchImageDemo;
				USES_XCTRUNNER = YES;
			};
			name = Release;
		};
/* End XCBuildConfiguration section */

/* Begin XCConfigurationList section */
		7D3E62A31BE05D5800B0D105 /* Build configuration list for PBXProject "LaunchImageDemo" */ = {
			isa = XCConfigurationList;
			buildConfigurations = (
				7D3E62D31BE05D5900B0D105 /* Debug */,
				7D3E62D41BE05D5900B0D105 /* Release */,
			);
			defaultConfigurationIsVisible = 0;
			defaultConfigurationName = Release;
		};
		7D3E62D51BE05D5900B0D105 /* Build configuration list for PBXNativeTarget "LaunchImageDemo" */ = {
			isa = XCConfigurationList;
			buildConfigurations = (
				7D3E62D61BE05D5900B0D105 /* Debug */,
				7D3E62D71BE05D5900B0D105 /* Release */,
			);
			defaultConfigurationIsVisible = 0;
		};
		7D3E62D81BE05D5900B0D105 /* Build configuration list for PBXNativeTarget "LaunchImageDemoTests" */ = {
			isa = XCConfigurationList;
			buildConfigurations = (
				7D3E62D91BE05D5900B0D105 /* Debug */,
				7D3E62DA1BE05D5900B0D105 /* Release */,
			);
			defaultConfigurationIsVisible = 0;
		};
		7D3E62DB1BE05D5900B0D105 /* Build configuration list for PBXNativeTarget "LaunchImageDemoUITests" */ = {
			isa = XCConfigurationList;
			buildConfigurations = (
				7D3E62DC1BE05D5900B0D105 /* Debug */,
				7D3E62DD1BE05D5900B0D105 /* Release */,
			);
			defaultConfigurationIsVisible = 0;
		};
/* End XCConfigurationList section */
	};
	rootObject = 7D3E62A01BE05D5800B0D105 /* Project object */;
}
